{
  "version": 4,
  "terraform_version": "1.12.1",
  "serial": 50,
  "lineage": "597cdd0f-88b3-3449-f8aa-961c5649d269",
  "outputs": {
    "resource_group_name": {
      "value": "rg-rd-pharma",
      "type": "string"
    },
    "vm_name": {
      "value": null,
      "type": "string"
    },
    "vm_private_ip": {
      "value": null,
      "type": "string"
    },
    "vm_public_ip": {
      "value": null,
      "type": "string"
    },
    "vm_size": {
      "value": null,
      "type": "string"
    }
  },
  "resources": [
    {
      "mode": "managed",
      "type": "azurerm_resource_group",
      "name": "rg_rd",
      "provider": "provider[\"registry.terraform.io/hashicorp/azurerm\"]",
      "instances": [
        {
          "schema_version": 0,
          "attributes": {
            "id": "/subscriptions/2dabdb82-fc8d-467c-b49d-cdaea961f162/resourceGroups/rg-rd-pharma",
            "location": "westeurope",
            "managed_by": "",
            "name": "rg-rd-pharma",
            "tags": {},
            "timeouts": null
          },
          "sensitive_attributes": [],
          "identity_schema_version": 0,
          "private": "eyJlMmJmYjczMC1lY2FhLTExZTYtOGY4OC0zNDM2M2JjN2M0YzAiOnsiY3JlYXRlIjo1NDAwMDAwMDAwMDAwLCJkZWxldGUiOjU0MDAwMDAwMDAwMDAsInJlYWQiOjMwMDAwMDAwMDAwMCwidXBkYXRlIjo1NDAwMDAwMDAwMDAwfSwic2NoZW1hX3ZlcnNpb24iOiIwIn0="
        }
      ]
    }
  ],
  "check_results": null
}
