{
  "version": 4,
  "terraform_version": "1.12.1",
  "serial": 60,
  "lineage": "597cdd0f-88b3-3449-f8aa-961c5649d269",
  "outputs": {
    "resource_group_name": {
      "value": "rg-rd-pharma",
      "type": "string"
    },
    "vm_name": {
      "value": "vm-ds-pharma",
      "type": "string"
    },
    "vm_private_ip": {
      "value": "10.10.1.4",
      "type": "string"
    },
    "vm_public_ip": {
      "value": "40.123.244.180",
      "type": "string"
    },
    "vm_size": {
      "value": "Standard_D2s_v3",
      "type": "string"
    }
  },
  "resources": [
    {
      "mode": "managed",
      "type": "azurerm_linux_virtual_machine",
      "name": "vm_datascience",
      "provider": "provider[\"registry.terraform.io/hashicorp/azurerm\"]",
      "instances": [
        {
          "schema_version": 0,
          "attributes": {
            "additional_capabilities": [],
            "admin_password": "PharmaLink@2025!",
            "admin_ssh_key": [],
            "admin_username": "pharmaadmin",
            "allow_extension_operations": true,
            "availability_set_id": "",
            "boot_diagnostics": [],
            "bypass_platform_safety_checks_on_user_schedule_enabled": false,
            "capacity_reservation_group_id": "",
            "computer_name": "vm-ds-pharma",
            "custom_data": null,
            "dedicated_host_group_id": "",
            "dedicated_host_id": "",
            "disable_password_authentication": false,
            "disk_controller_type": "",
            "edge_zone": "",
            "encryption_at_host_enabled": false,
            "eviction_policy": "",
            "extensions_time_budget": "PT1H30M",
            "gallery_application": [],
            "id": "/subscriptions/2dabdb82-fc8d-467c-b49d-cdaea961f162/resourceGroups/rg-rd-pharma/providers/Microsoft.Compute/virtualMachines/vm-ds-pharma",
            "identity": [
              {
                "identity_ids": null,
                "principal_id": "07a55fa1-d5f1-47de-873c-71a0316c2296",
                "tenant_id": "8d25ce2c-2f81-4c39-b9bb-8f8541036a63",
                "type": "SystemAssigned"
              }
            ],
            "license_type": "",
            "location": "southafricanorth",
            "max_bid_price": -1,
            "name": "vm-ds-pharma",
            "network_interface_ids": [
              "/subscriptions/2dabdb82-fc8d-467c-b49d-cdaea961f162/resourceGroups/rg-rd-pharma/providers/Microsoft.Network/networkInterfaces/nic-vm-ds-pharma"
            ],
            "os_disk": [
              {
                "caching": "ReadWrite",
                "diff_disk_settings": [],
                "disk_encryption_set_id": "",
                "disk_size_gb": 30,
                "name": "vm-ds-pharma_OsDisk_1_00c9400eb48843df8a1eb3aa493de116",
                "secure_vm_disk_encryption_set_id": "",
                "security_encryption_type": "",
                "storage_account_type": "Standard_LRS",
                "write_accelerator_enabled": false
              }
            ],
            "os_image_notification": [],
            "patch_assessment_mode": "ImageDefault",
            "patch_mode": "ImageDefault",
            "plan": [],
            "platform_fault_domain": -1,
            "priority": "Regular",
            "private_ip_address": "10.10.1.4",
            "private_ip_addresses": [
              "10.10.1.4"
            ],
            "provision_vm_agent": true,
            "proximity_placement_group_id": "",
            "public_ip_address": "40.123.244.180",
            "public_ip_addresses": [
              "40.123.244.180"
            ],
            "reboot_setting": "",
            "resource_group_name": "rg-rd-pharma",
            "secret": [],
            "secure_boot_enabled": false,
            "size": "Standard_D2s_v3",
            "source_image_id": "",
            "source_image_reference": [
              {
                "offer": "0001-com-ubuntu-server-jammy",
                "publisher": "Canonical",
                "sku": "22_04-lts",
                "version": "latest"
              }
            ],
            "tags": {
              "environment": "simulation",
              "pipeline": "R\u0026D",
              "projet": "PharmaLink-PFE"
            },
            "termination_notification": null,
            "timeouts": null,
            "user_data": "",
            "virtual_machine_id": "a2d199db-338e-442a-8273-6b4cd576a387",
            "virtual_machine_scale_set_id": "",
            "vm_agent_platform_updates_enabled": false,
            "vtpm_enabled": false,
            "zone": ""
          },
          "sensitive_attributes": [
            [
              {
                "type": "get_attr",
                "value": "admin_password"
              }
            ],
            [
              {
                "type": "get_attr",
                "value": "custom_data"
              }
            ]
          ],
          "identity_schema_version": 0,
          "private": "eyJlMmJmYjczMC1lY2FhLTExZTYtOGY4OC0zNDM2M2JjN2M0YzAiOnsiY3JlYXRlIjoyNzAwMDAwMDAwMDAwLCJkZWxldGUiOjI3MDAwMDAwMDAwMDAsInJlYWQiOjMwMDAwMDAwMDAwMCwidXBkYXRlIjoyNzAwMDAwMDAwMDAwfX0=",
          "dependencies": [
            "azurerm_network_interface.nic_rd",
            "azurerm_public_ip.pip_rd",
            "azurerm_resource_group.rg_rd",
            "azurerm_subnet.snet_rd",
            "azurerm_virtual_network.vnet_rd"
          ]
        }
      ]
    },
    {
      "mode": "managed",
      "type": "azurerm_network_interface",
      "name": "nic_rd",
      "provider": "provider[\"registry.terraform.io/hashicorp/azurerm\"]",
      "instances": [
        {
          "schema_version": 0,
          "attributes": {
            "accelerated_networking_enabled": false,
            "applied_dns_servers": [],
            "auxiliary_mode": "",
            "auxiliary_sku": "",
            "dns_servers": [],
            "edge_zone": "",
            "enable_accelerated_networking": false,
            "enable_ip_forwarding": false,
            "id": "/subscriptions/2dabdb82-fc8d-467c-b49d-cdaea961f162/resourceGroups/rg-rd-pharma/providers/Microsoft.Network/networkInterfaces/nic-vm-ds-pharma",
            "internal_dns_name_label": "",
            "internal_domain_name_suffix": "howdt4hsly5uxmnnq3qivylc0f.jnbx.internal.cloudapp.net",
            "ip_configuration": [
              {
                "gateway_load_balancer_frontend_ip_configuration_id": "",
                "name": "internal",
                "primary": true,
                "private_ip_address": "10.10.1.4",
                "private_ip_address_allocation": "Dynamic",
                "private_ip_address_version": "IPv4",
                "public_ip_address_id": "/subscriptions/2dabdb82-fc8d-467c-b49d-cdaea961f162/resourceGroups/rg-rd-pharma/providers/Microsoft.Network/publicIPAddresses/pip-vm-ds-pharma",
                "subnet_id": "/subscriptions/2dabdb82-fc8d-467c-b49d-cdaea961f162/resourceGroups/rg-rd-pharma/providers/Microsoft.Network/virtualNetworks/vnet-rd-pharma/subnets/snet-rd-workloads"
              }
            ],
            "ip_forwarding_enabled": false,
            "location": "southafricanorth",
            "mac_address": "",
            "name": "nic-vm-ds-pharma",
            "private_ip_address": "10.10.1.4",
            "private_ip_addresses": [
              "10.10.1.4"
            ],
            "resource_group_name": "rg-rd-pharma",
            "tags": null,
            "timeouts": null,
            "virtual_machine_id": ""
          },
          "sensitive_attributes": [],
          "identity_schema_version": 0,
          "private": "eyJlMmJmYjczMC1lY2FhLTExZTYtOGY4OC0zNDM2M2JjN2M0YzAiOnsiY3JlYXRlIjoxODAwMDAwMDAwMDAwLCJkZWxldGUiOjE4MDAwMDAwMDAwMDAsInJlYWQiOjMwMDAwMDAwMDAwMCwidXBkYXRlIjoxODAwMDAwMDAwMDAwfX0=",
          "dependencies": [
            "azurerm_public_ip.pip_rd",
            "azurerm_resource_group.rg_rd",
            "azurerm_subnet.snet_rd",
            "azurerm_virtual_network.vnet_rd"
          ]
        }
      ]
    },
    {
      "mode": "managed",
      "type": "azurerm_network_security_group",
      "name": "nsg_rd",
      "provider": "provider[\"registry.terraform.io/hashicorp/azurerm\"]",
      "instances": [
        {
          "schema_version": 0,
          "attributes": {
            "id": "/subscriptions/2dabdb82-fc8d-467c-b49d-cdaea961f162/resourceGroups/rg-rd-pharma/providers/Microsoft.Network/networkSecurityGroups/nsg-rd-pharma",
            "location": "southafricanorth",
            "name": "nsg-rd-pharma",
            "resource_group_name": "rg-rd-pharma",
            "security_rule": [
              {
                "access": "Allow",
                "description": "",
                "destination_address_prefix": "*",
                "destination_address_prefixes": [],
                "destination_application_security_group_ids": [],
                "destination_port_range": "22",
                "destination_port_ranges": [],
                "direction": "Inbound",
                "name": "AllowSSH",
                "priority": 100,
                "protocol": "Tcp",
                "source_address_prefix": "*",
                "source_address_prefixes": [],
                "source_application_security_group_ids": [],
                "source_port_range": "*",
                "source_port_ranges": []
              },
              {
                "access": "Deny",
                "description": "",
                "destination_address_prefix": "*",
                "destination_address_prefixes": [],
                "destination_application_security_group_ids": [],
                "destination_port_range": "*",
                "destination_port_ranges": [],
                "direction": "Inbound",
                "name": "DenyAllInbound",
                "priority": 4096,
                "protocol": "*",
                "source_address_prefix": "*",
                "source_address_prefixes": [],
                "source_application_security_group_ids": [],
                "source_port_range": "*",
                "source_port_ranges": []
              }
            ],
            "tags": null,
            "timeouts": null
          },
          "sensitive_attributes": [],
          "identity_schema_version": 0,
          "private": "eyJlMmJmYjczMC1lY2FhLTExZTYtOGY4OC0zNDM2M2JjN2M0YzAiOnsiY3JlYXRlIjoxODAwMDAwMDAwMDAwLCJkZWxldGUiOjE4MDAwMDAwMDAwMDAsInJlYWQiOjMwMDAwMDAwMDAwMCwidXBkYXRlIjoxODAwMDAwMDAwMDAwfX0=",
          "dependencies": [
            "azurerm_resource_group.rg_rd"
          ]
        }
      ]
    },
    {
      "mode": "managed",
      "type": "azurerm_public_ip",
      "name": "pip_rd",
      "provider": "provider[\"registry.terraform.io/hashicorp/azurerm\"]",
      "instances": [
        {
          "schema_version": 0,
          "attributes": {
            "allocation_method": "Static",
            "ddos_protection_mode": "VirtualNetworkInherited",
            "ddos_protection_plan_id": null,
            "domain_name_label": null,
            "edge_zone": "",
            "fqdn": null,
            "id": "/subscriptions/2dabdb82-fc8d-467c-b49d-cdaea961f162/resourceGroups/rg-rd-pharma/providers/Microsoft.Network/publicIPAddresses/pip-vm-ds-pharma",
            "idle_timeout_in_minutes": 4,
            "ip_address": "40.123.244.180",
            "ip_tags": null,
            "ip_version": "IPv4",
            "location": "southafricanorth",
            "name": "pip-vm-ds-pharma",
            "public_ip_prefix_id": null,
            "resource_group_name": "rg-rd-pharma",
            "reverse_fqdn": null,
            "sku": "Standard",
            "sku_tier": "Regional",
            "tags": null,
            "timeouts": null,
            "zones": null
          },
          "sensitive_attributes": [],
          "identity_schema_version": 0,
          "private": "eyJlMmJmYjczMC1lY2FhLTExZTYtOGY4OC0zNDM2M2JjN2M0YzAiOnsiY3JlYXRlIjoxODAwMDAwMDAwMDAwLCJkZWxldGUiOjE4MDAwMDAwMDAwMDAsInJlYWQiOjMwMDAwMDAwMDAwMCwidXBkYXRlIjoxODAwMDAwMDAwMDAwfX0=",
          "dependencies": [
            "azurerm_resource_group.rg_rd"
          ]
        }
      ]
    },
    {
      "mode": "managed",
      "type": "azurerm_resource_group",
      "name": "rg_rd",
      "provider": "provider[\"registry.terraform.io/hashicorp/azurerm\"]",
      "instances": [
        {
          "schema_version": 0,
          "attributes": {
            "id": "/subscriptions/2dabdb82-fc8d-467c-b49d-cdaea961f162/resourceGroups/rg-rd-pharma",
            "location": "southafricanorth",
            "managed_by": "",
            "name": "rg-rd-pharma",
            "tags": null,
            "timeouts": null
          },
          "sensitive_attributes": [],
          "identity_schema_version": 0,
          "private": "eyJlMmJmYjczMC1lY2FhLTExZTYtOGY4OC0zNDM2M2JjN2M0YzAiOnsiY3JlYXRlIjo1NDAwMDAwMDAwMDAwLCJkZWxldGUiOjU0MDAwMDAwMDAwMDAsInJlYWQiOjMwMDAwMDAwMDAwMCwidXBkYXRlIjo1NDAwMDAwMDAwMDAwfX0="
        }
      ]
    },
    {
      "mode": "managed",
      "type": "azurerm_subnet",
      "name": "snet_rd",
      "provider": "provider[\"registry.terraform.io/hashicorp/azurerm\"]",
      "instances": [
        {
          "schema_version": 0,
          "attributes": {
            "address_prefixes": [
              "10.10.1.0/24"
            ],
            "default_outbound_access_enabled": true,
            "delegation": [],
            "enforce_private_link_endpoint_network_policies": false,
            "enforce_private_link_service_network_policies": false,
            "id": "/subscriptions/2dabdb82-fc8d-467c-b49d-cdaea961f162/resourceGroups/rg-rd-pharma/providers/Microsoft.Network/virtualNetworks/vnet-rd-pharma/subnets/snet-rd-workloads",
            "name": "snet-rd-workloads",
            "private_endpoint_network_policies": "Enabled",
            "private_endpoint_network_policies_enabled": true,
            "private_link_service_network_policies_enabled": true,
            "resource_group_name": "rg-rd-pharma",
            "service_endpoint_policy_ids": null,
            "service_endpoints": null,
            "timeouts": null,
            "virtual_network_name": "vnet-rd-pharma"
          },
          "sensitive_attributes": [],
          "identity_schema_version": 0,
          "private": "eyJlMmJmYjczMC1lY2FhLTExZTYtOGY4OC0zNDM2M2JjN2M0YzAiOnsiY3JlYXRlIjoxODAwMDAwMDAwMDAwLCJkZWxldGUiOjE4MDAwMDAwMDAwMDAsInJlYWQiOjMwMDAwMDAwMDAwMCwidXBkYXRlIjoxODAwMDAwMDAwMDAwfX0=",
          "dependencies": [
            "azurerm_resource_group.rg_rd",
            "azurerm_virtual_network.vnet_rd"
          ]
        }
      ]
    },
    {
      "mode": "managed",
      "type": "azurerm_subnet_network_security_group_association",
      "name": "nsg_assoc",
      "provider": "provider[\"registry.terraform.io/hashicorp/azurerm\"]",
      "instances": [
        {
          "schema_version": 0,
          "attributes": {
            "id": "/subscriptions/2dabdb82-fc8d-467c-b49d-cdaea961f162/resourceGroups/rg-rd-pharma/providers/Microsoft.Network/virtualNetworks/vnet-rd-pharma/subnets/snet-rd-workloads",
            "network_security_group_id": "/subscriptions/2dabdb82-fc8d-467c-b49d-cdaea961f162/resourceGroups/rg-rd-pharma/providers/Microsoft.Network/networkSecurityGroups/nsg-rd-pharma",
            "subnet_id": "/subscriptions/2dabdb82-fc8d-467c-b49d-cdaea961f162/resourceGroups/rg-rd-pharma/providers/Microsoft.Network/virtualNetworks/vnet-rd-pharma/subnets/snet-rd-workloads",
            "timeouts": null
          },
          "sensitive_attributes": [],
          "identity_schema_version": 0,
          "private": "eyJlMmJmYjczMC1lY2FhLTExZTYtOGY4OC0zNDM2M2JjN2M0YzAiOnsiY3JlYXRlIjoxODAwMDAwMDAwMDAwLCJkZWxldGUiOjE4MDAwMDAwMDAwMDAsInJlYWQiOjMwMDAwMDAwMDAwMH19",
          "dependencies": [
            "azurerm_network_security_group.nsg_rd",
            "azurerm_resource_group.rg_rd",
            "azurerm_subnet.snet_rd",
            "azurerm_virtual_network.vnet_rd"
          ]
        }
      ]
    },
    {
      "mode": "managed",
      "type": "azurerm_virtual_network",
      "name": "vnet_rd",
      "provider": "provider[\"registry.terraform.io/hashicorp/azurerm\"]",
      "instances": [
        {
          "schema_version": 0,
          "attributes": {
            "address_space": [
              "10.10.0.0/16"
            ],
            "bgp_community": "",
            "ddos_protection_plan": [],
            "dns_servers": [],
            "edge_zone": "",
            "encryption": [],
            "flow_timeout_in_minutes": 0,
            "guid": "f839ac3b-5ef2-4b3f-b1ad-87608ae162d5",
            "id": "/subscriptions/2dabdb82-fc8d-467c-b49d-cdaea961f162/resourceGroups/rg-rd-pharma/providers/Microsoft.Network/virtualNetworks/vnet-rd-pharma",
            "location": "southafricanorth",
            "name": "vnet-rd-pharma",
            "resource_group_name": "rg-rd-pharma",
            "subnet": [],
            "tags": null,
            "timeouts": null
          },
          "sensitive_attributes": [],
          "identity_schema_version": 0,
          "private": "eyJlMmJmYjczMC1lY2FhLTExZTYtOGY4OC0zNDM2M2JjN2M0YzAiOnsiY3JlYXRlIjoxODAwMDAwMDAwMDAwLCJkZWxldGUiOjE4MDAwMDAwMDAwMDAsInJlYWQiOjMwMDAwMDAwMDAwMCwidXBkYXRlIjoxODAwMDAwMDAwMDAwfX0=",
          "dependencies": [
            "azurerm_resource_group.rg_rd"
          ]
        }
      ]
    }
  ],
  "check_results": null
}
